directories:
    modules: .wippy
    src: ./src
modules:
    - name: userspace/contract
      version: 0.4.1
    - name: userspace/uploads
      version: 0.4.8
    - name: userspace/users
      version: 0.1.3
    - name: wippy/agent
      version: 0.4.4
    - name: wippy/bootloader
      version: 0.3.12
    - name: wippy/dataflow
      version: 0.4.1
    - name: wippy/facade
      version: 0.5.25
    - name: wippy/llm
      version: 0.4.7
    - name: wippy/migration
      version: 0.3.15
    - name: wippy/relay
      version: 0.3.6
    - name: wippy/security
      version: 0.4.0
    - name: wippy/session
      version: 0.1.3
    - name: wippy/terminal
      version: 0.4.2
    - name: wippy/test
      version: 0.4.11
    - name: wippy/usage
      version: 0.3.20
    - name: wippy/views
      version: 0.4.22
