directories:
    modules: .wippy
    src: ./src
modules:
    - name: keeper/keeper
      version: 0.5.63
      hash: dc238126e8729df04d6e297c258d7ac495f9c454aeae0973c90feeec0e588dc5
    - name: userspace/contract
      version: 0.4.1
      hash: c154e2cc11ca94ddd368307aced96cfbbd411a58e74e46339d50b4a9befc1d65
    - name: userspace/uploads
      version: 0.5.16
      hash: 62d61727c91b2eae3092b4a01c31236cb085ee66a61304f0548d597c5e9951fc
    - name: userspace/users
      version: 0.1.9
      hash: b0cc8d47a557efda2c140752e0cba80a07260b2d74f0281ca3310183a52f9756
    - name: wippy-swiss/chartjs
      version: 0.1.1
      hash: 4082c02dbfe92206333a4e70c805bd468fea675aab7c6553b08e946db110610f
    - name: wippy-swiss/markdown
      version: 0.1.1
      hash: 23faaf51513169a0e4b90a8d05572e666cf3c45eb27ba5ada688cf311a4852aa
    - name: wippy-swiss/mermaid
      version: 0.1.2
      hash: 43bf8a4d29276aabece9cae4fe3a28d0ce512c5cb4544698adbfa1fbef9576b4
    - name: wippy/agent
      version: 0.4.15
      hash: cb2c5e2396fe60ae43f33507074e532f0c96bccda654fa90fc61d31856d2cf38
    - name: wippy/bootloader
      version: 0.3.14
      hash: aa5e32807eba6a5ea0e5a224069a006288f58605c4542a444f5469caee862c58
    - name: wippy/dataflow
      version: 0.5.4
      hash: cae8cf3ebe0a327a663f1da3a27429f9b78c15f046ef007fcd1ebbba0af3a7e9
    - name: wippy/facade
      version: 0.6.36
      hash: 3d6cf7e987c1fd7229fd321ab94e6631ba6457848f031552b9bfcff55df3adce
    - name: wippy/llm
      version: 0.4.36
      hash: a677d9a48c3104dba1390f404f2923b4fa07a1b8c671d4d477af2f1b5667e1b0
    - name: wippy/migration
      version: 0.3.18
      hash: e00cad6706bb95f556aeab5318a04e55d3884c027b09f6340fc4e7d69c905a17
    - name: wippy/relay
      version: 0.3.12
      hash: 4372b10c3af51c8a4ecfa39d62ffcfa39241c132b4a0b7b65f5487993e6df86f
    - name: wippy/security
      version: 0.4.2
      hash: 9020016afc9de612f5297d38ce99e8500c63a2986077e8b0e560d8636c506627
    - name: wippy/session
      version: 0.1.31
      hash: 9d9b2aca94b6857fea5e47bae014ff582a558a283dae1df5e997fe4fa948e671
    - name: wippy/terminal
      version: 0.4.5
      hash: 028180c6044cdd9bbe15330255a4926770e02a291511930264a615f6388824f0
    - name: wippy/test
      version: 0.4.14
      hash: 18ea2d4574d2bfe9e7830ae5b1587749943881f79cfacd22e442bd40e30764f5
    - name: wippy/usage
      version: 0.3.24
      hash: 6d62fefb655ddfab62451edae651d14d62a31db7f29002f7b22ec176fda4798e
    - name: wippy/views
      version: 0.5.9
      hash: ee41fb927091dc3873752f97291080889a4d56fe610a540b910c01b98afffbe3
options:
    unpack_modules: true
